
Microsoft Visual Studio Solution File, Format Version 12.00
# Visual Studio 14
VisualStudioVersion = 14.0.25420.1
MinimumVisualStudioVersion = 10.0.40219.1
Project("{FAE04EC0-301F-11D3-BF4B-00C04F79EFBC}") = "ClassLibrary", "CSharp\Windows\ClassLibrary\ClassLibrary.csproj", "{D540CE5E-8AED-4B01-B302-ABDF29191ABE}"
EndProject
Project("{2150E333-8FDC-42A3-9474-1A3956D46DE8}") = "CSharp", "CSharp", "{EFBDF3EC-8326-4F48-B206-6B11C6D6D6EA}"
EndProject
Project("{2150E333-8FDC-42A3-9474-1A3956D46DE8}") = "Windows", "Windows", "{7DD6BBE0-EBD3-4D40-B197-05FAFB6665A1}"
EndProject
Project("{FF286327-C783-4F7A-AB73-9BCBAD0D4460}") = "ClassLibrary.Package", "CSharp\Windows\ClassLibrary.Package\ClassLibrary.Package.nuproj", "{E2DD21AE-A8E6-4263-A8AD-DC735C7BFA58}"
EndProject
Project("{FAE04EC0-301F-11D3-BF4B-00C04F79EFBC}") = "UnitTests.MSTest", "CSharp\Windows\UnitTests.MSTest\UnitTests.MSTest.csproj", "{E8223B69-E932-4807-9F43-E4CA8A6FCF67}"
EndProject
Project("{FAE04EC0-301F-11D3-BF4B-00C04F79EFBC}") = "UnitTests.NUnit", "CSharp\Windows\UnitTests.NUnit\UnitTests.NUnit.csproj", "{A66D345A-6ACB-4F67-9E09-9E661F3258D5}"
EndProject
Project("{2150E333-8FDC-42A3-9474-1A3956D46DE8}") = "Modules", "Modules", "{AC68887C-0ADE-4162-AAC6-C4BE0591FCCC}"
EndProject
Project("{2150E333-8FDC-42A3-9474-1A3956D46DE8}") = "NuGet", "NuGet", "{CA51CDFF-E7D8-4D6C-A2D3-F6EF8E307357}"
EndProject
Project("{FAE04EC0-301F-11D3-BF4B-00C04F79EFBC}") = "UseGlobalPackages", "Modules\NuGet\UseGlobalPackages\UseGlobalPackages.csproj", "{07DF7D18-7113-4A01-AFE1-ED357E078A5A}"
EndProject
Project("{2150E333-8FDC-42A3-9474-1A3956D46DE8}") = ".build", ".build", "{3A318C41-226B-438E-9074-174956416826}"
EndProject
Project("{2150E333-8FDC-42A3-9474-1A3956D46DE8}") = "CBTModules", "CBTModules", "{2FA3E9A5-2166-4016-BD02-EBB109CBD522}"
	ProjectSection(SolutionItems) = preProject
		..\.build\local\CBTModules\project.json = ..\.build\local\CBTModules\project.json
	EndProjectSection
EndProject
Project("{2150E333-8FDC-42A3-9474-1A3956D46DE8}") = "GlobalPackages", "GlobalPackages", "{960B89B6-D833-4100-A827-E8D7E59D4747}"
	ProjectSection(SolutionItems) = preProject
		..\.build\local\GlobalPackages\packages.config = ..\.build\local\GlobalPackages\packages.config
	EndProjectSection
EndProject
Global
	GlobalSection(SolutionConfigurationPlatforms) = preSolution
		Debug|Any CPU = Debug|Any CPU
		Release|Any CPU = Release|Any CPU
	EndGlobalSection
	GlobalSection(ProjectConfigurationPlatforms) = postSolution
		{D540CE5E-8AED-4B01-B302-ABDF29191ABE}.Debug|Any CPU.ActiveCfg = Debug|Any CPU
		{D540CE5E-8AED-4B01-B302-ABDF29191ABE}.Debug|Any CPU.Build.0 = Debug|Any CPU
		{D540CE5E-8AED-4B01-B302-ABDF29191ABE}.Release|Any CPU.ActiveCfg = Release|Any CPU
		{D540CE5E-8AED-4B01-B302-ABDF29191ABE}.Release|Any CPU.Build.0 = Release|Any CPU
		{E2DD21AE-A8E6-4263-A8AD-DC735C7BFA58}.Debug|Any CPU.ActiveCfg = Debug|Any CPU
		{E2DD21AE-A8E6-4263-A8AD-DC735C7BFA58}.Debug|Any CPU.Build.0 = Debug|Any CPU
		{E2DD21AE-A8E6-4263-A8AD-DC735C7BFA58}.Release|Any CPU.ActiveCfg = Release|Any CPU
		{E2DD21AE-A8E6-4263-A8AD-DC735C7BFA58}.Release|Any CPU.Build.0 = Release|Any CPU
		{E8223B69-E932-4807-9F43-E4CA8A6FCF67}.Debug|Any CPU.ActiveCfg = Debug|Any CPU
		{E8223B69-E932-4807-9F43-E4CA8A6FCF67}.Debug|Any CPU.Build.0 = Debug|Any CPU
		{E8223B69-E932-4807-9F43-E4CA8A6FCF67}.Release|Any CPU.ActiveCfg = Release|Any CPU
		{E8223B69-E932-4807-9F43-E4CA8A6FCF67}.Release|Any CPU.Build.0 = Release|Any CPU
		{A66D345A-6ACB-4F67-9E09-9E661F3258D5}.Debug|Any CPU.ActiveCfg = Debug|Any CPU
		{A66D345A-6ACB-4F67-9E09-9E661F3258D5}.Debug|Any CPU.Build.0 = Debug|Any CPU
		{A66D345A-6ACB-4F67-9E09-9E661F3258D5}.Release|Any CPU.ActiveCfg = Release|Any CPU
		{A66D345A-6ACB-4F67-9E09-9E661F3258D5}.Release|Any CPU.Build.0 = Release|Any CPU
		{07DF7D18-7113-4A01-AFE1-ED357E078A5A}.Debug|Any CPU.ActiveCfg = Debug|Any CPU
		{07DF7D18-7113-4A01-AFE1-ED357E078A5A}.Debug|Any CPU.Build.0 = Debug|Any CPU
		{07DF7D18-7113-4A01-AFE1-ED357E078A5A}.Release|Any CPU.ActiveCfg = Release|Any CPU
		{07DF7D18-7113-4A01-AFE1-ED357E078A5A}.Release|Any CPU.Build.0 = Release|Any CPU
	EndGlobalSection
	GlobalSection(SolutionProperties) = preSolution
		HideSolutionNode = FALSE
	EndGlobalSection
	GlobalSection(NestedProjects) = preSolution
		{D540CE5E-8AED-4B01-B302-ABDF29191ABE} = {7DD6BBE0-EBD3-4D40-B197-05FAFB6665A1}
		{7DD6BBE0-EBD3-4D40-B197-05FAFB6665A1} = {EFBDF3EC-8326-4F48-B206-6B11C6D6D6EA}
		{E2DD21AE-A8E6-4263-A8AD-DC735C7BFA58} = {7DD6BBE0-EBD3-4D40-B197-05FAFB6665A1}
		{E8223B69-E932-4807-9F43-E4CA8A6FCF67} = {7DD6BBE0-EBD3-4D40-B197-05FAFB6665A1}
		{A66D345A-6ACB-4F67-9E09-9E661F3258D5} = {7DD6BBE0-EBD3-4D40-B197-05FAFB6665A1}
		{CA51CDFF-E7D8-4D6C-A2D3-F6EF8E307357} = {AC68887C-0ADE-4162-AAC6-C4BE0591FCCC}
		{07DF7D18-7113-4A01-AFE1-ED357E078A5A} = {CA51CDFF-E7D8-4D6C-A2D3-F6EF8E307357}
		{2FA3E9A5-2166-4016-BD02-EBB109CBD522} = {3A318C41-226B-438E-9074-174956416826}
		{960B89B6-D833-4100-A827-E8D7E59D4747} = {3A318C41-226B-438E-9074-174956416826}
	EndGlobalSection
EndGlobal
